
Microsoft Visual Studio Solution File, Format Version 12.00
# Visual Studio Version 16
VisualStudioVersion = 16.0.29424.173
MinimumVisualStudioVersion = 10.0.40219.1
Project("{FAE04EC0-301F-11D3-BF4B-00C04F79EFBC}") = "CalculatorLib", "CalculatorLib\CalculatorLib.csproj", "{B4FF28A0-D464-4337-AD67-4F4E94E56D38}"
EndProject
Global
	GlobalSection(SolutionConfigurationPlatforms) = preSolution
		Debug|Any CPU = Debug|Any CPU
		Release|Any CPU = Release|Any CPU
	EndGlobalSection
	GlobalSection(ProjectConfigurationPlatforms) = postSolution
		{B4FF28A0-D464-4337-AD67-4F4E94E56D38}.Debug|Any CPU.ActiveCfg = Debug|Any CPU
		{B4FF28A0-D464-4337-AD67-4F4E94E56D38}.Debug|Any CPU.Build.0 = Debug|Any CPU
		{B4FF28A0-D464-4337-AD67-4F4E94E56D38}.Release|Any CPU.ActiveCfg = Release|Any CPU
		{B4FF28A0-D464-4337-AD67-4F4E94E56D38}.Release|Any CPU.Build.0 = Release|Any CPU
	EndGlobalSection
	GlobalSection(SolutionProperties) = preSolution
		HideSolutionNode = FALSE
	EndGlobalSection
	GlobalSection(ExtensibilityGlobals) = postSolution
		SolutionGuid = {C91EC026-3D86-42F2-8122-BF61C8D555E4}
	EndGlobalSection
EndGlobal
