
Microsoft Visual Studio Solution File, Format Version 12.00
# Visual Studio Version 16
VisualStudioVersion = 16.0.29424.173
MinimumVisualStudioVersion = 10.0.40219.1
Project("{FAE04EC0-301F-11D3-BF4B-00C04F79EFBC}") = "Geldquelle", "Geldquelle\Geldquelle.csproj", "{34377C07-D528-444E-AC07-BFF68FD61612}"
EndProject
Project("{FAE04EC0-301F-11D3-BF4B-00C04F79EFBC}") = "Geldquelle.Tests", "Geldquelle.Tests\Geldquelle.Tests.csproj", "{00F82616-0799-48F0-B942-166C1AC5F781}"
EndProject
Global
	GlobalSection(SolutionConfigurationPlatforms) = preSolution
		Debug|Any CPU = Debug|Any CPU
		Release|Any CPU = Release|Any CPU
	EndGlobalSection
	GlobalSection(ProjectConfigurationPlatforms) = postSolution
		{34377C07-D528-444E-AC07-BFF68FD61612}.Debug|Any CPU.ActiveCfg = Debug|Any CPU
		{34377C07-D528-444E-AC07-BFF68FD61612}.Debug|Any CPU.Build.0 = Debug|Any CPU
		{34377C07-D528-444E-AC07-BFF68FD61612}.Release|Any CPU.ActiveCfg = Release|Any CPU
		{34377C07-D528-444E-AC07-BFF68FD61612}.Release|Any CPU.Build.0 = Release|Any CPU
		{00F82616-0799-48F0-B942-166C1AC5F781}.Debug|Any CPU.ActiveCfg = Debug|Any CPU
		{00F82616-0799-48F0-B942-166C1AC5F781}.Debug|Any CPU.Build.0 = Debug|Any CPU
		{00F82616-0799-48F0-B942-166C1AC5F781}.Release|Any CPU.ActiveCfg = Release|Any CPU
		{00F82616-0799-48F0-B942-166C1AC5F781}.Release|Any CPU.Build.0 = Release|Any CPU
	EndGlobalSection
	GlobalSection(SolutionProperties) = preSolution
		HideSolutionNode = FALSE
	EndGlobalSection
	GlobalSection(ExtensibilityGlobals) = postSolution
		SolutionGuid = {4F41F235-BDFA-4525-BE97-201C96375F8C}
	EndGlobalSection
EndGlobal
